
Microsoft Visual Studio Solution File, Format Version 12.00
# Visual Studio Version 17
VisualStudioVersion = 17.11.35219.272
MinimumVisualStudioVersion = 10.0.40219.1
Project("{FAE04EC0-301F-11D3-BF4B-00C04F79EFBC}") = "ITI_Attendance", "ITI_Attendance\ITI_Attendance.csproj", "{6082C3EC-9644-467D-976C-662406A8FB1B}"
EndProject
Global
	GlobalSection(SolutionConfigurationPlatforms) = preSolution
		Debug|Any CPU = Debug|Any CPU
		Release|Any CPU = Release|Any CPU
	EndGlobalSection
	GlobalSection(ProjectConfigurationPlatforms) = postSolution
		{6082C3EC-9644-467D-976C-662406A8FB1B}.Debug|Any CPU.ActiveCfg = Debug|Any CPU
		{6082C3EC-9644-467D-976C-662406A8FB1B}.Debug|Any CPU.Build.0 = Debug|Any CPU
		{6082C3EC-9644-467D-976C-662406A8FB1B}.Release|Any CPU.ActiveCfg = Release|Any CPU
		{6082C3EC-9644-467D-976C-662406A8FB1B}.Release|Any CPU.Build.0 = Release|Any CPU
	EndGlobalSection
	GlobalSection(SolutionProperties) = preSolution
		HideSolutionNode = FALSE
	EndGlobalSection
	GlobalSection(ExtensibilityGlobals) = postSolution
		SolutionGuid = {2F72F246-45E3-41BA-B25F-AE68FDDBCD76}
	EndGlobalSection
EndGlobal
